
Microsoft Visual Studio Solution File, Format Version 12.00
Project("{FAE04EC0-301F-11D3-BF4B-00C04F79EFBC}") = "ASCII", "ASCII\ASCII.csproj", "{1060ED70-CCD4-427B-9A13-4D135E71CDF7}"
EndProject
Global
	GlobalSection(SolutionConfigurationPlatforms) = preSolution
		Debug|Any CPU = Debug|Any CPU
		Release|Any CPU = Release|Any CPU
	EndGlobalSection
	GlobalSection(ProjectConfigurationPlatforms) = postSolution
		{1060ED70-CCD4-427B-9A13-4D135E71CDF7}.Debug|Any CPU.ActiveCfg = Debug|Any CPU
		{1060ED70-CCD4-427B-9A13-4D135E71CDF7}.Debug|Any CPU.Build.0 = Debug|Any CPU
		{1060ED70-CCD4-427B-9A13-4D135E71CDF7}.Release|Any CPU.ActiveCfg = Release|Any CPU
		{1060ED70-CCD4-427B-9A13-4D135E71CDF7}.Release|Any CPU.Build.0 = Release|Any CPU
	EndGlobalSection
EndGlobal
